// !$*UTF8*$!
{
	archiveVersion = 1;
	classes = {
	};
	objectVersion = 50;
	objects = {

/* Begin PBXBuildFile section */
		ABBD0ABB26A55E03006140B2 /* main.cpp in Sources */ = {isa = PBXBuildFile; fileRef = ABBD0ABA26A55E03006140B2 /* main.cpp */; };
		ABBD0AC326A55E42006140B2 /* libGLEW.dylib in Frameworks */ = {isa = PBXBuildFile; fileRef = ABBD0AC226A55E42006140B2 /* libGLEW.dylib */; };
		ABBD0AC526A55E44006140B2 /* libglfw.dylib in Frameworks */ = {isa = PBXBuildFile; fileRef = ABBD0AC426A55E44006140B2 /* libglfw.dylib */; };
		ABBD0AC726A55F91006140B2 /* glad.c in Sources */ = {isa = PBXBuildFile; fileRef = ABBD0AC626A55F91006140B2 /* glad.c */; };
		ABBD0ACC26A55FF6006140B2 /* Camera.cpp in Sources */ = {isa = PBXBuildFile; fileRef = ABBD0ACB26A55FF6006140B2 /* Camera.cpp */; };
/* End PBXBuildFile section */

/* Begin PBXCopyFilesBuildPhase section */
		ABBD0AB526A55E03006140B2 /* CopyFiles */ = {
			isa = PBXCopyFilesBuildPhase;
			buildActionMask = 2147483647;
			dstPath = /usr/share/man/man1/;
			dstSubfolderSpec = 0;
			files = (
			);
			runOnlyForDeploymentPostprocessing = 1;
		};
/* End PBXCopyFilesBuildPhase section */

/* Begin PBXFileReference section */
		ABBD0AB726A55E03006140B2 /* OpenGL_Test9_MutiLight */ = {isa = PBXFileReference; explicitFileType = "compiled.mach-o.executable"; includeInIndex = 0; path = OpenGL_Test9_MutiLight; sourceTree = BUILT_PRODUCTS_DIR; };
		ABBD0ABA26A55E03006140B2 /* main.cpp */ = {isa = PBXFileReference; lastKnownFileType = sourcecode.cpp.cpp; path = main.cpp; sourceTree = "<group>"; };
		ABBD0AC226A55E42006140B2 /* libGLEW.dylib */ = {isa = PBXFileReference; lastKnownFileType = "compiled.mach-o.dylib"; name = libGLEW.dylib; path = ../../../glew/2.2.0_1/lib/libGLEW.dylib; sourceTree = "<group>"; };
		ABBD0AC426A55E44006140B2 /* libglfw.dylib */ = {isa = PBXFileReference; lastKnownFileType = "compiled.mach-o.dylib"; name = libglfw.dylib; path = ../../../glfw/3.3.4/lib/libglfw.dylib; sourceTree = "<group>"; };
		ABBD0AC626A55F91006140B2 /* glad.c */ = {isa = PBXFileReference; fileEncoding = 4; lastKnownFileType = sourcecode.c.c; name = glad.c; path = ../../../../glad/src/glad.c; sourceTree = "<group>"; };
		ABBD0AC826A55FF6006140B2 /* Camera.hpp */ = {isa = PBXFileReference; fileEncoding = 4; lastKnownFileType = sourcecode.cpp.h; path = Camera.hpp; sourceTree = "<group>"; };
		ABBD0AC926A55FF6006140B2 /* Shader.h */ = {isa = PBXFileReference; fileEncoding = 4; lastKnownFileType = sourcecode.c.h; path = Shader.h; sourceTree = "<group>"; };
		ABBD0ACA26A55FF6006140B2 /* stb_image.h */ = {isa = PBXFileReference; fileEncoding = 4; lastKnownFileType = sourcecode.c.h; path = stb_image.h; sourceTree = "<group>"; };
		ABBD0ACB26A55FF6006140B2 /* Camera.cpp */ = {isa = PBXFileReference; fileEncoding = 4; lastKnownFileType = sourcecode.cpp.cpp; path = Camera.cpp; sourceTree = "<group>"; };
		ABBD0ACE26A55FFF006140B2 /* LampVertexShader.cpp */ = {isa = PBXFileReference; lastKnownFileType = sourcecode.cpp.cpp; path = LampVertexShader.cpp; sourceTree = "<group>"; };
		ABBD0ACF26A55FFF006140B2 /* LampFragmentShader.cpp */ = {isa = PBXFileReference; lastKnownFileType = sourcecode.cpp.cpp; path = LampFragmentShader.cpp; sourceTree = "<group>"; };
		ABBD0AD126A55FFF006140B2 /* LightVertexShader.cpp */ = {isa = PBXFileReference; lastKnownFileType = sourcecode.cpp.cpp; path = LightVertexShader.cpp; sourceTree = "<group>"; };
		ABBD0AD226A55FFF006140B2 /* LightFragmentShader.cpp */ = {isa = PBXFileReference; lastKnownFileType = sourcecode.cpp.cpp; path = LightFragmentShader.cpp; sourceTree = "<group>"; };
/* End PBXFileReference section */

/* Begin PBXFrameworksBuildPhase section */
		ABBD0AB426A55E03006140B2 /* Frameworks */ = {
			isa = PBXFrameworksBuildPhase;
			buildActionMask = 2147483647;
			files = (
				ABBD0AC326A55E42006140B2 /* libGLEW.dylib in Frameworks */,
				ABBD0AC526A55E44006140B2 /* libglfw.dylib in Frameworks */,
			);
			runOnlyForDeploymentPostprocessing = 0;
		};
/* End PBXFrameworksBuildPhase section */

/* Begin PBXGroup section */
		ABBD0AAE26A55E03006140B2 = {
			isa = PBXGroup;
			children = (
				ABBD0AB926A55E03006140B2 /* OpenGL_Test9_MutiLight */,
				ABBD0AB826A55E03006140B2 /* Products */,
				ABBD0AC126A55E41006140B2 /* Frameworks */,
			);
			sourceTree = "<group>";
		};
		ABBD0AB826A55E03006140B2 /* Products */ = {
			isa = PBXGroup;
			children = (
				ABBD0AB726A55E03006140B2 /* OpenGL_Test9_MutiLight */,
			);
			name = Products;
			sourceTree = "<group>";
		};
		ABBD0AB926A55E03006140B2 /* OpenGL_Test9_MutiLight */ = {
			isa = PBXGroup;
			children = (
				ABBD0ACD26A55FFF006140B2 /* LampShader */,
				ABBD0AD026A55FFF006140B2 /* LightShader */,
				ABBD0ACB26A55FF6006140B2 /* Camera.cpp */,
				ABBD0AC826A55FF6006140B2 /* Camera.hpp */,
				ABBD0AC926A55FF6006140B2 /* Shader.h */,
				ABBD0ACA26A55FF6006140B2 /* stb_image.h */,
				ABBD0AC626A55F91006140B2 /* glad.c */,
				ABBD0ABA26A55E03006140B2 /* main.cpp */,
			);
			path = OpenGL_Test9_MutiLight;
			sourceTree = "<group>";
		};
		ABBD0AC126A55E41006140B2 /* Frameworks */ = {
			isa = PBXGroup;
			children = (
				ABBD0AC426A55E44006140B2 /* libglfw.dylib */,
				ABBD0AC226A55E42006140B2 /* libGLEW.dylib */,
			);
			name = Frameworks;
			sourceTree = "<group>";
		};
		ABBD0ACD26A55FFF006140B2 /* LampShader */ = {
			isa = PBXGroup;
			children = (
				ABBD0ACE26A55FFF006140B2 /* LampVertexShader.cpp */,
				ABBD0ACF26A55FFF006140B2 /* LampFragmentShader.cpp */,
			);
			path = LampShader;
			sourceTree = "<group>";
		};
		ABBD0AD026A55FFF006140B2 /* LightShader */ = {
			isa = PBXGroup;
			children = (
				ABBD0AD126A55FFF006140B2 /* LightVertexShader.cpp */,
				ABBD0AD226A55FFF006140B2 /* LightFragmentShader.cpp */,
			);
			path = LightShader;
			sourceTree = "<group>";
		};
/* End PBXGroup section */

/* Begin PBXNativeTarget section */
		ABBD0AB626A55E03006140B2 /* OpenGL_Test9_MutiLight */ = {
			isa = PBXNativeTarget;
			buildConfigurationList = ABBD0ABE26A55E03006140B2 /* Build configuration list for PBXNativeTarget "OpenGL_Test9_MutiLight" */;
			buildPhases = (
				ABBD0AB326A55E03006140B2 /* Sources */,
				ABBD0AB426A55E03006140B2 /* Frameworks */,
				ABBD0AB526A55E03006140B2 /* CopyFiles */,
			);
			buildRules = (
			);
			dependencies = (
			);
			name = OpenGL_Test9_MutiLight;
			productName = OpenGL_Test9_MutiLight;
			productReference = ABBD0AB726A55E03006140B2 /* OpenGL_Test9_MutiLight */;
			productType = "com.apple.product-type.tool";
		};
/* End PBXNativeTarget section */

/* Begin PBXProject section */
		ABBD0AAF26A55E03006140B2 /* Project object */ = {
			isa = PBXProject;
			attributes = {
				LastUpgradeCheck = 1250;
				TargetAttributes = {
					ABBD0AB626A55E03006140B2 = {
						CreatedOnToolsVersion = 12.5.1;
					};
				};
			};
			buildConfigurationList = ABBD0AB226A55E03006140B2 /* Build configuration list for PBXProject "OpenGL_Test9_MutiLight" */;
			compatibilityVersion = "Xcode 9.3";
			developmentRegion = en;
			hasScannedForEncodings = 0;
			knownRegions = (
				en,
				Base,
			);
			mainGroup = ABBD0AAE26A55E03006140B2;
			productRefGroup = ABBD0AB826A55E03006140B2 /* Products */;
			projectDirPath = "";
			projectRoot = "";
			targets = (
				ABBD0AB626A55E03006140B2 /* OpenGL_Test9_MutiLight */,
			);
		};
/* End PBXProject section */

/* Begin PBXSourcesBuildPhase section */
		ABBD0AB326A55E03006140B2 /* Sources */ = {
			isa = PBXSourcesBuildPhase;
			buildActionMask = 2147483647;
			files = (
				ABBD0ABB26A55E03006140B2 /* main.cpp in Sources */,
				ABBD0ACC26A55FF6006140B2 /* Camera.cpp in Sources */,
				ABBD0AC726A55F91006140B2 /* glad.c in Sources */,
			);
			runOnlyForDeploymentPostprocessing = 0;
		};
/* End PBXSourcesBuildPhase section */

/* Begin XCBuildConfiguration section */
		ABBD0ABC26A55E03006140B2 /* Debug */ = {
			isa = XCBuildConfiguration;
			buildSettings = {
				ALWAYS_SEARCH_USER_PATHS = NO;
				CLANG_ANALYZER_NONNULL = YES;
				CLANG_ANALYZER_NUMBER_OBJECT_CONVERSION = YES_AGGRESSIVE;
				CLANG_CXX_LANGUAGE_STANDARD = "gnu++14";
				CLANG_CXX_LIBRARY = "libc++";
				CLANG_ENABLE_MODULES = YES;
				CLANG_ENABLE_OBJC_ARC = YES;
				CLANG_ENABLE_OBJC_WEAK = YES;
				CLANG_WARN_BLOCK_CAPTURE_AUTORELEASING = YES;
				CLANG_WARN_BOOL_CONVERSION = YES;
				CLANG_WARN_COMMA = YES;
				CLANG_WARN_CONSTANT_CONVERSION = YES;
				CLANG_WARN_DEPRECATED_OBJC_IMPLEMENTATIONS = YES;
				CLANG_WARN_DIRECT_OBJC_ISA_USAGE = YES_ERROR;
				CLANG_WARN_DOCUMENTATION_COMMENTS = YES;
				CLANG_WARN_EMPTY_BODY = YES;
				CLANG_WARN_ENUM_CONVERSION = YES;
				CLANG_WARN_INFINITE_RECURSION = YES;
				CLANG_WARN_INT_CONVERSION = YES;
				CLANG_WARN_NON_LITERAL_NULL_CONVERSION = YES;
				CLANG_WARN_OBJC_IMPLICIT_RETAIN_SELF = YES;
				CLANG_WARN_OBJC_LITERAL_CONVERSION = YES;
				CLANG_WARN_OBJC_ROOT_CLASS = YES_ERROR;
				CLANG_WARN_QUOTED_INCLUDE_IN_FRAMEWORK_HEADER = YES;
				CLANG_WARN_RANGE_LOOP_ANALYSIS = YES;
				CLANG_WARN_STRICT_PROTOTYPES = YES;
				CLANG_WARN_SUSPICIOUS_MOVE = YES;
				CLANG_WARN_UNGUARDED_AVAILABILITY = YES_AGGRESSIVE;
				CLANG_WARN_UNREACHABLE_CODE = YES;
				CLANG_WARN__DUPLICATE_METHOD_MATCH = YES;
				COPY_PHASE_STRIP = NO;
				DEBUG_INFORMATION_FORMAT = dwarf;
				ENABLE_STRICT_OBJC_MSGSEND = YES;
				ENABLE_TESTABILITY = YES;
				GCC_C_LANGUAGE_STANDARD = gnu11;
				GCC_DYNAMIC_NO_PIC = NO;
				GCC_NO_COMMON_BLOCKS = YES;
				GCC_OPTIMIZATION_LEVEL = 0;
				GCC_PREPROCESSOR_DEFINITIONS = (
					"DEBUG=1",
					"$(inherited)",
				);
				GCC_WARN_64_TO_32_BIT_CONVERSION = YES;
				GCC_WARN_ABOUT_RETURN_TYPE = YES_ERROR;
				GCC_WARN_UNDECLARED_SELECTOR = YES;
				GCC_WARN_UNINITIALIZED_AUTOS = YES_AGGRESSIVE;
				GCC_WARN_UNUSED_FUNCTION = YES;
				GCC_WARN_UNUSED_VARIABLE = YES;
				MACOSX_DEPLOYMENT_TARGET = 11.3;
				MTL_ENABLE_DEBUG_INFO = INCLUDE_SOURCE;
				MTL_FAST_MATH = YES;
				ONLY_ACTIVE_ARCH = YES;
				SDKROOT = macosx;
			};
			name = Debug;
		};
		ABBD0ABD26A55E03006140B2 /* Release */ = {
			isa = XCBuildConfiguration;
			buildSettings = {
				ALWAYS_SEARCH_USER_PATHS = NO;
				CLANG_ANALYZER_NONNULL = YES;
				CLANG_ANALYZER_NUMBER_OBJECT_CONVERSION = YES_AGGRESSIVE;
				CLANG_CXX_LANGUAGE_STANDARD = "gnu++14";
				CLANG_CXX_LIBRARY = "libc++";
				CLANG_ENABLE_MODULES = YES;
				CLANG_ENABLE_OBJC_ARC = YES;
				CLANG_ENABLE_OBJC_WEAK = YES;
				CLANG_WARN_BLOCK_CAPTURE_AUTORELEASING = YES;
				CLANG_WARN_BOOL_CONVERSION = YES;
				CLANG_WARN_COMMA = YES;
				CLANG_WARN_CONSTANT_CONVERSION = YES;
				CLANG_WARN_DEPRECATED_OBJC_IMPLEMENTATIONS = YES;
				CLANG_WARN_DIRECT_OBJC_ISA_USAGE = YES_ERROR;
				CLANG_WARN_DOCUMENTATION_COMMENTS = YES;
				CLANG_WARN_EMPTY_BODY = YES;
				CLANG_WARN_ENUM_CONVERSION = YES;
				CLANG_WARN_INFINITE_RECURSION = YES;
				CLANG_WARN_INT_CONVERSION = YES;
				CLANG_WARN_NON_LITERAL_NULL_CONVERSION = YES;
				CLANG_WARN_OBJC_IMPLICIT_RETAIN_SELF = YES;
				CLANG_WARN_OBJC_LITERAL_CONVERSION = YES;
				CLANG_WARN_OBJC_ROOT_CLASS = YES_ERROR;
				CLANG_WARN_QUOTED_INCLUDE_IN_FRAMEWORK_HEADER = YES;
				CLANG_WARN_RANGE_LOOP_ANALYSIS = YES;
				CLANG_WARN_STRICT_PROTOTYPES = YES;
				CLANG_WARN_SUSPICIOUS_MOVE = YES;
				CLANG_WARN_UNGUARDED_AVAILABILITY = YES_AGGRESSIVE;
				CLANG_WARN_UNREACHABLE_CODE = YES;
				CLANG_WARN__DUPLICATE_METHOD_MATCH = YES;
				COPY_PHASE_STRIP = NO;
				DEBUG_INFORMATION_FORMAT = "dwarf-with-dsym";
				ENABLE_NS_ASSERTIONS = NO;
				ENABLE_STRICT_OBJC_MSGSEND = YES;
				GCC_C_LANGUAGE_STANDARD = gnu11;
				GCC_NO_COMMON_BLOCKS = YES;
				GCC_WARN_64_TO_32_BIT_CONVERSION = YES;
				GCC_WARN_ABOUT_RETURN_TYPE = YES_ERROR;
				GCC_WARN_UNDECLARED_SELECTOR = YES;
				GCC_WARN_UNINITIALIZED_AUTOS = YES_AGGRESSIVE;
				GCC_WARN_UNUSED_FUNCTION = YES;
				GCC_WARN_UNUSED_VARIABLE = YES;
				MACOSX_DEPLOYMENT_TARGET = 11.3;
				MTL_ENABLE_DEBUG_INFO = NO;
				MTL_FAST_MATH = YES;
				SDKROOT = macosx;
			};
			name = Release;
		};
		ABBD0ABF26A55E03006140B2 /* Debug */ = {
			isa = XCBuildConfiguration;
			buildSettings = {
				CODE_SIGN_STYLE = Automatic;
				HEADER_SEARCH_PATHS = (
					"\"$(SRCROOT)/../../../glad/include\"",
					"\"$(SRCROOT)/../../../glew/2.2.0_1/include\"",
					"\"$(SRCROOT)/../../../glfw/3.3.4/include\"",
					"\"$(SRCROOT)/../../../glm/0.9.9.8/include\"",
				);
				LIBRARY_SEARCH_PATHS = (
					"\"$(SRCROOT)/../../../glfw/3.3.4/lib\"",
					"\"$(SRCROOT)/../../../glew/2.2.0_1/lib\"",
				);
				PRODUCT_NAME = "$(TARGET_NAME)";
			};
			name = Debug;
		};
		ABBD0AC026A55E03006140B2 /* Release */ = {
			isa = XCBuildConfiguration;
			buildSettings = {
				CODE_SIGN_STYLE = Automatic;
				HEADER_SEARCH_PATHS = (
					"\"$(SRCROOT)/../../../glad/include\"",
					"\"$(SRCROOT)/../../../glew/2.2.0_1/include\"",
					"\"$(SRCROOT)/../../../glfw/3.3.4/include\"",
					"\"$(SRCROOT)/../../../glm/0.9.9.8/include\"",
				);
				LIBRARY_SEARCH_PATHS = (
					"\"$(SRCROOT)/../../../glfw/3.3.4/lib\"",
					"\"$(SRCROOT)/../../../glew/2.2.0_1/lib\"",
				);
				PRODUCT_NAME = "$(TARGET_NAME)";
			};
			name = Release;
		};
/* End XCBuildConfiguration section */

/* Begin XCConfigurationList section */
		ABBD0AB226A55E03006140B2 /* Build configuration list for PBXProject "OpenGL_Test9_MutiLight" */ = {
			isa = XCConfigurationList;
			buildConfigurations = (
				ABBD0ABC26A55E03006140B2 /* Debug */,
				ABBD0ABD26A55E03006140B2 /* Release */,
			);
			defaultConfigurationIsVisible = 0;
			defaultConfigurationName = Release;
		};
		ABBD0ABE26A55E03006140B2 /* Build configuration list for PBXNativeTarget "OpenGL_Test9_MutiLight" */ = {
			isa = XCConfigurationList;
			buildConfigurations = (
				ABBD0ABF26A55E03006140B2 /* Debug */,
				ABBD0AC026A55E03006140B2 /* Release */,
			);
			defaultConfigurationIsVisible = 0;
			defaultConfigurationName = Release;
		};
/* End XCConfigurationList section */
	};
	rootObject = ABBD0AAF26A55E03006140B2 /* Project object */;
}
